GEM
  remote: https://rubygems.org/
  specs:
    commonmarker (2.9.0-aarch64-linux)
    commonmarker (2.9.0-aarch64-linux-musl)
    commonmarker (2.9.0-arm-linux)
    commonmarker (2.9.0-arm64-darwin)
    commonmarker (2.9.0-x64-mingw-ucrt)
    commonmarker (2.9.0-x86_64-darwin)
    commonmarker (2.9.0-x86_64-linux)
    commonmarker (2.9.0-x86_64-linux-musl)
    logger (1.7.0)
    pygments.rb (5.0.0)
      logger (~> 1.7)

PLATFORMS
  aarch64-linux
  aarch64-linux-musl
  arm-linux
  arm64-darwin
  x64-mingw-ucrt
  x86_64-darwin
  x86_64-linux
  x86_64-linux-musl

DEPENDENCIES
  commonmarker
  pygments.rb

CHECKSUMS
  bundler (4.0.17) sha256=214e21431b5665dd2f99df8a5511c6b151d7a72e8015c8b38f8b775b61cbb6c1
  commonmarker (2.9.0-aarch64-linux) sha256=e2b4aadb9a2cfa4e206582641ce3a49465549ac1ed4c289fdd63b78d8f24579c
  commonmarker (2.9.0-aarch64-linux-musl) sha256=1cf4d2821f2a7e64945f1ed7c4eeced586fdb27ea7fe7337788802cf8f57cfca
  commonmarker (2.9.0-arm-linux) sha256=290a000947cf9d154d0480c33c0a36bcef49ce4c2e74bb75e9d06f5afe93f670
  commonmarker (2.9.0-arm64-darwin) sha256=1748dbfa4f5813b0d2a14bb4bbfa65a4ec293aa1c825016d60029ee0e132b046
  commonmarker (2.9.0-x64-mingw-ucrt) sha256=65b85f36842e99f8c21cadbd787d533895763536870e169912c524d99786768e
  commonmarker (2.9.0-x86_64-darwin) sha256=0a9914ccfd2f5d2a59c7bd0dda4fe90eb084cf513b477e499008e09ec9d6edd6
  commonmarker (2.9.0-x86_64-linux) sha256=8cfe92970eef585a19ddf6613224b91cab64d6029834661bda801f877c9c7f43
  commonmarker (2.9.0-x86_64-linux-musl) sha256=293921398b839f79ceaf55010e061357e34f053822c3b003cd0be6686176335e
  logger (1.7.0) sha256=196edec7cc44b66cfb40f9755ce11b392f21f7967696af15d274dde7edff0203
  pygments.rb (5.0.0) sha256=33b3b0a0da0b4b5d12cedbb2b355b0685bb0a545fb7efb29868945c18148ef6e

BUNDLED WITH
  4.0.17
