GEM
  remote: https://rubygems.org/
  specs:
    commonmarker (2.8.2-aarch64-linux)
    commonmarker (2.8.2-aarch64-linux-musl)
    commonmarker (2.8.2-arm-linux)
    commonmarker (2.8.2-arm64-darwin)
    commonmarker (2.8.2-x64-mingw-ucrt)
    commonmarker (2.8.2-x86_64-darwin)
    commonmarker (2.8.2-x86_64-linux)
    commonmarker (2.8.2-x86_64-linux-musl)
    pygments.rb (4.0.0)

PLATFORMS
  aarch64-linux
  aarch64-linux-musl
  arm-linux
  arm64-darwin
  x64-mingw-ucrt
  x86_64-darwin
  x86_64-linux
  x86_64-linux-musl

DEPENDENCIES
  commonmarker
  pygments.rb

CHECKSUMS
  commonmarker (2.8.2-aarch64-linux) sha256=715a5df28e5c1ec7b520e6441466062e9717b82193d2a5bd11a9c94f2f1e15f0
  commonmarker (2.8.2-aarch64-linux-musl) sha256=c7d587bd7978416978e84d0de7488906b8f29b3f67ce8424942f0ca9aa6899db
  commonmarker (2.8.2-arm-linux) sha256=da9da5c08d5133ad429ece13f2e93d3a30e1b23621ffac9040e185d7ea29bde6
  commonmarker (2.8.2-arm64-darwin) sha256=cd7364f1fb9735d60218e4af0a4afbbeedbc465eb81cccca56f29a4efe2b5013
  commonmarker (2.8.2-x64-mingw-ucrt) sha256=2c25421e5c2feb59edc7557392410285db881455279d95e9b7b9d5aa0ef3009a
  commonmarker (2.8.2-x86_64-darwin) sha256=fb946e0bb01f0e5742aef75cc972b51ffe099e5b983ce9cd792b4a78c5d2c297
  commonmarker (2.8.2-x86_64-linux) sha256=42cfb6532b15dd5821ce99e47397923255f32dcfc81024ef4c17e01e66ac7d75
  commonmarker (2.8.2-x86_64-linux-musl) sha256=66568dce1c6f265e85d57ea7f749a148446527c7dd599c6ded4cdc819997c43e
  pygments.rb (4.0.0) sha256=f48bb03a28cf5eaa56e8d3d5a49b76a978199a51bd8643cc4b32fbb7ffecee57

BUNDLED WITH
  4.0.13
