GEM
  remote: https://rubygems.org/
  specs:
    commonmarker (2.8.3-aarch64-linux)
    commonmarker (2.8.3-aarch64-linux-musl)
    commonmarker (2.8.3-arm-linux)
    commonmarker (2.8.3-arm64-darwin)
    commonmarker (2.8.3-x64-mingw-ucrt)
    commonmarker (2.8.3-x86_64-darwin)
    commonmarker (2.8.3-x86_64-linux)
    commonmarker (2.8.3-x86_64-linux-musl)
    pygments.rb (4.0.0)

PLATFORMS
  aarch64-linux
  aarch64-linux-musl
  arm-linux
  arm64-darwin
  x64-mingw-ucrt
  x86_64-darwin
  x86_64-linux
  x86_64-linux-musl

DEPENDENCIES
  commonmarker
  pygments.rb

CHECKSUMS
  bundler (4.0.16) sha256=d6ca5dd440c24f9abce9844cf44cc8e18c6a553de65a47efb4544137af92c47d
  commonmarker (2.8.3-aarch64-linux) sha256=e1dc00363acc6795cdbf4f5131d9daef4e3ca08102f9a7577ea47d9ba4d4b7d6
  commonmarker (2.8.3-aarch64-linux-musl) sha256=362302bf9b7520e9c0527f4c1a428c6c14d530361b982ae86ad670c29a2cb0dc
  commonmarker (2.8.3-arm-linux) sha256=63903a4d8cd82b6681e88f2bdf6df7d51d0a241009a80fdc7ac6cf9c784f6cab
  commonmarker (2.8.3-arm64-darwin) sha256=ee2e8b00530f7c95acdee7717d8c47f419f3eab78127ea0ef19b6739a148d5ba
  commonmarker (2.8.3-x64-mingw-ucrt) sha256=1531310040c9579c34a5fad7cc35f69b4ced4839e78b082dc1e6b94357641c03
  commonmarker (2.8.3-x86_64-darwin) sha256=8ecfee9d2c4768b9f66eafcf9fba82b91495f90f7d4242d0a85f6266684591f3
  commonmarker (2.8.3-x86_64-linux) sha256=8b78d99ed454346a488988b2ac530e88a98b44f116fb9db19a5b2d5c46c67f83
  commonmarker (2.8.3-x86_64-linux-musl) sha256=0a42f71205697edf8a488b50b6209b9cee882c39f8b18ac0a323be83ff17b250
  pygments.rb (4.0.0) sha256=f48bb03a28cf5eaa56e8d3d5a49b76a978199a51bd8643cc4b32fbb7ffecee57

BUNDLED WITH
  4.0.14
